{
  "lockfileVersion": 1,
  "configVersion": 0,
  "workspaces": {
    "": {
      "name": "dotfiles",
      "devDependencies": {
        "prettier": "^3.7.4",
        "prettier-plugin-toml": "^2.0.1",
      },
    },
  },
  "packages": {
    "@taplo/core": ["@taplo/core@0.2.0", "", {}, "sha512-r8bl54Zj1In3QLkiW/ex694bVzpPJ9EhwqT9xkcUVODnVUGirdB1JTsmiIv0o1uwqZiwhi8xNnTOQBRQCpizrQ=="],

    "@taplo/lib": ["@taplo/lib@0.5.0", "", { "dependencies": { "@taplo/core": "^0.2.0" } }, "sha512-+xIqpQXJco3T+VGaTTwmhxLa51qpkQxCjRwezjFZgr+l21ExlywJFcDfTrNmL6lG6tqb0h8GyJKO3UPGPtSCWg=="],

    "prettier": ["prettier@3.7.4", "", { "bin": { "prettier": "bin/prettier.cjs" } }, "sha512-v6UNi1+3hSlVvv8fSaoUbggEM5VErKmmpGA7Pl3HF8V6uKY7rvClBOJlH6yNwQtfTueNkGVpOv/mtWL9L4bgRA=="],

    "prettier-plugin-toml": ["prettier-plugin-toml@2.0.6", "", { "dependencies": { "@taplo/lib": "^0.5.0" }, "peerDependencies": { "prettier": "^3.0.3" } }, "sha512-12N/wBuHa9jd/KVy9pRP20NMKxQfQLMseQCt66lIbLaPLItvGUcSIryE1eZZMJ7loSws6Ig3M2Elc2EreNh76w=="],
  }
}
